
Microsoft Visual Studio Solution File, Format Version 12.00
# Visual Studio 14
VisualStudioVersion = 14.0.25420.1
MinimumVisualStudioVersion = 10.0.40219.1
Project("{FAE04EC0-301F-11D3-BF4B-00C04F79EFBC}") = "Pithline.FMS.VehicleInspection", "Pithline.FMS.VehicleInspection\Pithline.FMS.VehicleInspection.csproj", "{8CAD1A1E-727E-49B9-A530-1B3A1F12E8F1}"
	ProjectSection(ProjectDependencies) = postProject
		{790AD967-F93D-402A-8857-E4C0B64D00E7} = {790AD967-F93D-402A-8857-E4C0B64D00E7}
		{76BE6C92-EBDD-45F0-89F1-8D32A2C816B2} = {76BE6C92-EBDD-45F0-89F1-8D32A2C816B2}
		{F71B8AC9-5305-402F-ADA8-C75FFE09EE24} = {F71B8AC9-5305-402F-ADA8-C75FFE09EE24}
	EndProjectSection
EndProject
Project("{FAE04EC0-301F-11D3-BF4B-00C04F79EFBC}") = "Pithline.FMS.VehicleInspection.UILogic", "Pithline.FMS.VehicleInspection.UILogic\Pithline.FMS.VehicleInspection.UILogic.csproj", "{76BE6C92-EBDD-45F0-89F1-8D32A2C816B2}"
	ProjectSection(ProjectDependencies) = postProject
		{790AD967-F93D-402A-8857-E4C0B64D00E7} = {790AD967-F93D-402A-8857-E4C0B64D00E7}
	EndProjectSection
EndProject
Project("{FAE04EC0-301F-11D3-BF4B-00C04F79EFBC}") = "Pithline.FMS.BusinessLogic", "Pithline.FMS.BusinessLogic\Pithline.FMS.BusinessLogic.csproj", "{790AD967-F93D-402A-8857-E4C0B64D00E7}"
EndProject
Project("{FAE04EC0-301F-11D3-BF4B-00C04F79EFBC}") = "Pithline.FMS.ServiceScheduling.UILogic", "Pithline.FMS.ServiceScheduling.UILogic\Pithline.FMS.ServiceScheduling.UILogic.csproj", "{4641B43D-AC24-4C3A-97E2-1DDE5950C0A2}"
EndProject
Project("{FAE04EC0-301F-11D3-BF4B-00C04F79EFBC}") = "Pithline.FMS.VehicleInspection.BackgroundTask", "Pithline.FMS.VehicleInspection.BackgroundTask\Pithline.FMS.VehicleInspection.BackgroundTask.csproj", "{F71B8AC9-5305-402F-ADA8-C75FFE09EE24}"
EndProject
Project("{FAE04EC0-301F-11D3-BF4B-00C04F79EFBC}") = "Pithline.FMS.DocumentDelivery", "Pithline.FMS.DocumentDelivery\Pithline.FMS.DocumentDelivery.csproj", "{E1946A10-CD58-4AC4-9EB9-83E84784111C}"
	ProjectSection(ProjectDependencies) = postProject
		{A729BBB4-DBBB-46B0-9198-FB757B68AF3B} = {A729BBB4-DBBB-46B0-9198-FB757B68AF3B}
	EndProjectSection
EndProject
Project("{FAE04EC0-301F-11D3-BF4B-00C04F79EFBC}") = "Pithline.FMS.DocumentDelivery.UILogic", "Pithline.FMS.DocumentDelivery.UILogic\Pithline.FMS.DocumentDelivery.UILogic.csproj", "{A729BBB4-DBBB-46B0-9198-FB757B68AF3B}"
EndProject
Project("{2150E333-8FDC-42A3-9474-1A3956D46DE8}") = ".nuget", ".nuget", "{5E32160B-EFE3-4249-9EF0-4F3480F4F792}"
	ProjectSection(SolutionItems) = preProject
		.nuget\NuGet.Config = .nuget\NuGet.Config
		.nuget\NuGet.exe = .nuget\NuGet.exe
		.nuget\NuGet.targets = .nuget\NuGet.targets
	EndProjectSection
EndProject
Project("{FAE04EC0-301F-11D3-BF4B-00C04F79EFBC}") = "Pithline.FMS.Framework.Web", "Pithline.FMS.Framework.Web\Pithline.FMS.Framework.Web.csproj", "{36A2BAD0-6B8F-41AF-97EE-83EF34B5D42C}"
EndProject
Project("{FAE04EC0-301F-11D3-BF4B-00C04F79EFBC}") = "Pithline.FMS.DataProvider.AX", "Pithline.FMS.DataProvider.AX\Pithline.FMS.DataProvider.AX.csproj", "{958D702A-E873-45C2-9CB1-E5FA35C98F6C}"
EndProject
Project("{FAE04EC0-301F-11D3-BF4B-00C04F79EFBC}") = "Pithline.FMS.CrossPlatform.API", "Pithline.FMS.CrossPlatform.API\Pithline.FMS.CrossPlatform.API.csproj", "{4AEFCB91-3790-4B81-A55B-646071D37268}"
EndProject
Project("{FAE04EC0-301F-11D3-BF4B-00C04F79EFBC}") = "Pithline.FMS.TechnicalInspection", "Pithline.FMS.TechnicalInspection\Pithline.FMS.TechnicalInspection.csproj", "{C0CECD78-6BC6-49E9-BD8A-3FCE5E600350}"
EndProject
Project("{FAE04EC0-301F-11D3-BF4B-00C04F79EFBC}") = "Pithline.WinRT.Components.Controls", "Pithline.WinRT.Components.Controls\Pithline.WinRT.Components.Controls.csproj", "{567F62B5-9CDE-4241-8675-C92A3E9546A8}"
EndProject
Project("{FAE04EC0-301F-11D3-BF4B-00C04F79EFBC}") = "Pithline.FMS.TechnicalInspection.UILogic", "Pithline.FMS.TechnicalInspection.UILogic\Pithline.FMS.TechnicalInspection.UILogic.csproj", "{181EECDC-99D9-433A-BA67-CE3821684C2F}"
EndProject
Project("{FAE04EC0-301F-11D3-BF4B-00C04F79EFBC}") = "Pithline.FMS.BusinessLogic.Portable", "Pithline.FMS.BusinessLogic.Portable\Pithline.FMS.BusinessLogic.Portable.csproj", "{A9300E19-216B-413F-AECB-7E02D8FB22AD}"
EndProject
Project("{FAE04EC0-301F-11D3-BF4B-00C04F79EFBC}") = "Pithline.FMS.ServiceScheduling.UILogic.Portable", "Pithline.FMS.ServiceScheduling.UILogic.Portable\Pithline.FMS.ServiceScheduling.UILogic.Portable.csproj", "{8BCC54E1-4586-4A35-9AC9-43E81540B05C}"
EndProject
Project("{FAE04EC0-301F-11D3-BF4B-00C04F79EFBC}") = "Pithline.FMS.ServiceScheduling", "Pithline.FMS.ServiceScheduling\Pithline.FMS.ServiceScheduling.csproj", "{1DCF6F96-5004-45F0-B422-302184AD60B9}"
EndProject
Project("{2150E333-8FDC-42A3-9474-1A3956D46DE8}") = "Pithilne.FMS.ServiceScheduling", "Pithilne.FMS.ServiceScheduling", "{1B864322-C8D7-4523-B488-268354F61C09}"
EndProject
Project("{FAE04EC0-301F-11D3-BF4B-00C04F79EFBC}") = "Pithline.FMS.ServiceScheduling.WindowsPhone", "Pithline.FMS.ServiceScheduling.WindowsPhone\Pithline.FMS.ServiceScheduling.WindowsPhone.csproj", "{9F629F44-C762-4A11-BC3D-9D3B7DE926B6}"
EndProject
Project("{FAE04EC0-301F-11D3-BF4B-00C04F79EFBC}") = "Pithline.WinRT.Components.Controls.WindowsPhone", "Pithline.WinRT.Components.Controls.WindowsPhone\Pithline.WinRT.Components.Controls.WindowsPhone.csproj", "{529B5041-022F-4445-A118-D64FBDBABFC4}"
EndProject
Project("{2150E333-8FDC-42A3-9474-1A3956D46DE8}") = "Pithilne.FMS.TechnicalInspection", "Pithilne.FMS.TechnicalInspection", "{E1030AFC-D0B2-4C20-97F8-95077E02A952}"
EndProject
Project("{FAE04EC0-301F-11D3-BF4B-00C04F79EFBC}") = "Pithline.FMS.TechnicalInspection.WindowsPhone", "Pithline.FMS.TechnicalInspection.WindowsPhone\Pithline.FMS.TechnicalInspection.WindowsPhone.csproj", "{1C542AE9-D6BD-480C-85F2-C6255F8BAD12}"
EndProject
Project("{FAE04EC0-301F-11D3-BF4B-00C04F79EFBC}") = "Pithline.FMS.TechnicalInspection.UILogic.WindowsPhone", "Pithline.FMS.TechnicalInspection.UILogic.WindowsPhone\Pithline.FMS.TechnicalInspection.UILogic.WindowsPhone.csproj", "{7A8A6A29-C647-4567-B8AC-EB97827B431D}"
EndProject
Project("{FAE04EC0-301F-11D3-BF4B-00C04F79EFBC}") = "Pithline.WinRT.Components.BackgroundTasks", "Pithline.WinRT.Components.BackgroundTasks\Pithline.WinRT.Components.BackgroundTasks.csproj", "{A268D6E5-5A0C-46A7-9285-372CAF007EDF}"
EndProject
Project("{FAE04EC0-301F-11D3-BF4B-00C04F79EFBC}") = "Pithline.WinRT.Components.BackgroundTasks.WindowsPhone", "Pithline.WinRT.Components.BackgroundTasks.WindowsPhone\Pithline.WinRT.Components.BackgroundTasks.WindowsPhone.csproj", "{44813026-7C80-4170-AF06-C71E2879E7C3}"
EndProject
Global
	GlobalSection(SolutionConfigurationPlatforms) = preSolution
		Debug|Any CPU = Debug|Any CPU
		Debug|ARM = Debug|ARM
		Debug|Mixed Platforms = Debug|Mixed Platforms
		Debug|x64 = Debug|x64
		Debug|x86 = Debug|x86
		Release|Any CPU = Release|Any CPU
		Release|ARM = Release|ARM
		Release|Mixed Platforms = Release|Mixed Platforms
		Release|x64 = Release|x64
		Release|x86 = Release|x86
	EndGlobalSection
	GlobalSection(ProjectConfigurationPlatforms) = postSolution
		{8CAD1A1E-727E-49B9-A530-1B3A1F12E8F1}.Debug|Any CPU.ActiveCfg = Debug|Any CPU
		{8CAD1A1E-727E-49B9-A530-1B3A1F12E8F1}.Debug|Any CPU.Build.0 = Debug|Any CPU
		{8CAD1A1E-727E-49B9-A530-1B3A1F12E8F1}.Debug|Any CPU.Deploy.0 = Debug|Any CPU
		{8CAD1A1E-727E-49B9-A530-1B3A1F12E8F1}.Debug|ARM.ActiveCfg = Debug|Any CPU
		{8CAD1A1E-727E-49B9-A530-1B3A1F12E8F1}.Debug|ARM.Build.0 = Debug|Any CPU
		{8CAD1A1E-727E-49B9-A530-1B3A1F12E8F1}.Debug|ARM.Deploy.0 = Debug|Any CPU
		{8CAD1A1E-727E-49B9-A530-1B3A1F12E8F1}.Debug|Mixed Platforms.ActiveCfg = Debug|x86
		{8CAD1A1E-727E-49B9-A530-1B3A1F12E8F1}.Debug|Mixed Platforms.Build.0 = Debug|x86
		{8CAD1A1E-727E-49B9-A530-1B3A1F12E8F1}.Debug|Mixed Platforms.Deploy.0 = Debug|x86
		{8CAD1A1E-727E-49B9-A530-1B3A1F12E8F1}.Debug|x64.ActiveCfg = Debug|x64
		{8CAD1A1E-727E-49B9-A530-1B3A1F12E8F1}.Debug|x64.Build.0 = Debug|x64
		{8CAD1A1E-727E-49B9-A530-1B3A1F12E8F1}.Debug|x64.Deploy.0 = Debug|x64
		{8CAD1A1E-727E-49B9-A530-1B3A1F12E8F1}.Debug|x86.ActiveCfg = Debug|x86
		{8CAD1A1E-727E-49B9-A530-1B3A1F12E8F1}.Debug|x86.Build.0 = Debug|x86
		{8CAD1A1E-727E-49B9-A530-1B3A1F12E8F1}.Debug|x86.Deploy.0 = Debug|x86
		{8CAD1A1E-727E-49B9-A530-1B3A1F12E8F1}.Release|Any CPU.ActiveCfg = Release|Any CPU
		{8CAD1A1E-727E-49B9-A530-1B3A1F12E8F1}.Release|Any CPU.Build.0 = Release|Any CPU
		{8CAD1A1E-727E-49B9-A530-1B3A1F12E8F1}.Release|Any CPU.Deploy.0 = Release|Any CPU
		{8CAD1A1E-727E-49B9-A530-1B3A1F12E8F1}.Release|ARM.ActiveCfg = Release|ARM
		{8CAD1A1E-727E-49B9-A530-1B3A1F12E8F1}.Release|ARM.Build.0 = Release|ARM
		{8CAD1A1E-727E-49B9-A530-1B3A1F12E8F1}.Release|ARM.Deploy.0 = Release|ARM
		{8CAD1A1E-727E-49B9-A530-1B3A1F12E8F1}.Release|Mixed Platforms.ActiveCfg = Release|x86
		{8CAD1A1E-727E-49B9-A530-1B3A1F12E8F1}.Release|Mixed Platforms.Build.0 = Release|x86
		{8CAD1A1E-727E-49B9-A530-1B3A1F12E8F1}.Release|Mixed Platforms.Deploy.0 = Release|x86
		{8CAD1A1E-727E-49B9-A530-1B3A1F12E8F1}.Release|x64.ActiveCfg = Release|x64
		{8CAD1A1E-727E-49B9-A530-1B3A1F12E8F1}.Release|x64.Build.0 = Release|x64
		{8CAD1A1E-727E-49B9-A530-1B3A1F12E8F1}.Release|x64.Deploy.0 = Release|x64
		{8CAD1A1E-727E-49B9-A530-1B3A1F12E8F1}.Release|x86.ActiveCfg = Release|x86
		{8CAD1A1E-727E-49B9-A530-1B3A1F12E8F1}.Release|x86.Build.0 = Release|x86
		{8CAD1A1E-727E-49B9-A530-1B3A1F12E8F1}.Release|x86.Deploy.0 = Release|x86
		{76BE6C92-EBDD-45F0-89F1-8D32A2C816B2}.Debug|Any CPU.ActiveCfg = Debug|Any CPU
		{76BE6C92-EBDD-45F0-89F1-8D32A2C816B2}.Debug|Any CPU.Build.0 = Debug|Any CPU
		{76BE6C92-EBDD-45F0-89F1-8D32A2C816B2}.Debug|ARM.ActiveCfg = Debug|Any CPU
		{76BE6C92-EBDD-45F0-89F1-8D32A2C816B2}.Debug|ARM.Build.0 = Debug|Any CPU
		{76BE6C92-EBDD-45F0-89F1-8D32A2C816B2}.Debug|Mixed Platforms.ActiveCfg = Debug|x86
		{76BE6C92-EBDD-45F0-89F1-8D32A2C816B2}.Debug|Mixed Platforms.Build.0 = Debug|x86
		{76BE6C92-EBDD-45F0-89F1-8D32A2C816B2}.Debug|x64.ActiveCfg = Debug|x64
		{76BE6C92-EBDD-45F0-89F1-8D32A2C816B2}.Debug|x64.Build.0 = Debug|x64
		{76BE6C92-EBDD-45F0-89F1-8D32A2C816B2}.Debug|x86.ActiveCfg = Debug|x86
		{76BE6C92-EBDD-45F0-89F1-8D32A2C816B2}.Debug|x86.Build.0 = Debug|x86
		{76BE6C92-EBDD-45F0-89F1-8D32A2C816B2}.Release|Any CPU.ActiveCfg = Release|Any CPU
		{76BE6C92-EBDD-45F0-89F1-8D32A2C816B2}.Release|Any CPU.Build.0 = Release|Any CPU
		{76BE6C92-EBDD-45F0-89F1-8D32A2C816B2}.Release|ARM.ActiveCfg = Release|ARM
		{76BE6C92-EBDD-45F0-89F1-8D32A2C816B2}.Release|ARM.Build.0 = Release|ARM
		{76BE6C92-EBDD-45F0-89F1-8D32A2C816B2}.Release|Mixed Platforms.ActiveCfg = Release|x86
		{76BE6C92-EBDD-45F0-89F1-8D32A2C816B2}.Release|Mixed Platforms.Build.0 = Release|x86
		{76BE6C92-EBDD-45F0-89F1-8D32A2C816B2}.Release|x64.ActiveCfg = Release|x64
		{76BE6C92-EBDD-45F0-89F1-8D32A2C816B2}.Release|x64.Build.0 = Release|x64
		{76BE6C92-EBDD-45F0-89F1-8D32A2C816B2}.Release|x86.ActiveCfg = Release|x86
		{76BE6C92-EBDD-45F0-89F1-8D32A2C816B2}.Release|x86.Build.0 = Release|x86
		{790AD967-F93D-402A-8857-E4C0B64D00E7}.Debug|Any CPU.ActiveCfg = Debug|Any CPU
		{790AD967-F93D-402A-8857-E4C0B64D00E7}.Debug|Any CPU.Build.0 = Debug|Any CPU
		{790AD967-F93D-402A-8857-E4C0B64D00E7}.Debug|ARM.ActiveCfg = Debug|Any CPU
		{790AD967-F93D-402A-8857-E4C0B64D00E7}.Debug|ARM.Build.0 = Debug|Any CPU
		{790AD967-F93D-402A-8857-E4C0B64D00E7}.Debug|Mixed Platforms.ActiveCfg = Debug|x86
		{790AD967-F93D-402A-8857-E4C0B64D00E7}.Debug|Mixed Platforms.Build.0 = Debug|x86
		{790AD967-F93D-402A-8857-E4C0B64D00E7}.Debug|x64.ActiveCfg = Debug|x64
		{790AD967-F93D-402A-8857-E4C0B64D00E7}.Debug|x64.Build.0 = Debug|x64
		{790AD967-F93D-402A-8857-E4C0B64D00E7}.Debug|x86.ActiveCfg = Debug|x86
		{790AD967-F93D-402A-8857-E4C0B64D00E7}.Debug|x86.Build.0 = Debug|x86
		{790AD967-F93D-402A-8857-E4C0B64D00E7}.Release|Any CPU.ActiveCfg = Release|Any CPU
		{790AD967-F93D-402A-8857-E4C0B64D00E7}.Release|Any CPU.Build.0 = Release|Any CPU
		{790AD967-F93D-402A-8857-E4C0B64D00E7}.Release|ARM.ActiveCfg = Release|ARM
		{790AD967-F93D-402A-8857-E4C0B64D00E7}.Release|ARM.Build.0 = Release|ARM
		{790AD967-F93D-402A-8857-E4C0B64D00E7}.Release|Mixed Platforms.ActiveCfg = Release|x86
		{790AD967-F93D-402A-8857-E4C0B64D00E7}.Release|Mixed Platforms.Build.0 = Release|x86
		{790AD967-F93D-402A-8857-E4C0B64D00E7}.Release|x64.ActiveCfg = Release|x64
		{790AD967-F93D-402A-8857-E4C0B64D00E7}.Release|x64.Build.0 = Release|x64
		{790AD967-F93D-402A-8857-E4C0B64D00E7}.Release|x86.ActiveCfg = Release|x86
		{790AD967-F93D-402A-8857-E4C0B64D00E7}.Release|x86.Build.0 = Release|x86
		{4641B43D-AC24-4C3A-97E2-1DDE5950C0A2}.Debug|Any CPU.ActiveCfg = Debug|Any CPU
		{4641B43D-AC24-4C3A-97E2-1DDE5950C0A2}.Debug|Any CPU.Build.0 = Debug|Any CPU
		{4641B43D-AC24-4C3A-97E2-1DDE5950C0A2}.Debug|ARM.ActiveCfg = Debug|Any CPU
		{4641B43D-AC24-4C3A-97E2-1DDE5950C0A2}.Debug|ARM.Build.0 = Debug|Any CPU
		{4641B43D-AC24-4C3A-97E2-1DDE5950C0A2}.Debug|Mixed Platforms.ActiveCfg = Debug|x86
		{4641B43D-AC24-4C3A-97E2-1DDE5950C0A2}.Debug|Mixed Platforms.Build.0 = Debug|x86
		{4641B43D-AC24-4C3A-97E2-1DDE5950C0A2}.Debug|x64.ActiveCfg = Debug|x64
		{4641B43D-AC24-4C3A-97E2-1DDE5950C0A2}.Debug|x64.Build.0 = Debug|x64
		{4641B43D-AC24-4C3A-97E2-1DDE5950C0A2}.Debug|x86.ActiveCfg = Debug|x86
		{4641B43D-AC24-4C3A-97E2-1DDE5950C0A2}.Debug|x86.Build.0 = Debug|x86
		{4641B43D-AC24-4C3A-97E2-1DDE5950C0A2}.Release|Any CPU.ActiveCfg = Release|Any CPU
		{4641B43D-AC24-4C3A-97E2-1DDE5950C0A2}.Release|Any CPU.Build.0 = Release|Any CPU
		{4641B43D-AC24-4C3A-97E2-1DDE5950C0A2}.Release|ARM.ActiveCfg = Release|ARM
		{4641B43D-AC24-4C3A-97E2-1DDE5950C0A2}.Release|ARM.Build.0 = Release|ARM
		{4641B43D-AC24-4C3A-97E2-1DDE5950C0A2}.Release|Mixed Platforms.ActiveCfg = Release|x86
		{4641B43D-AC24-4C3A-97E2-1DDE5950C0A2}.Release|Mixed Platforms.Build.0 = Release|x86
		{4641B43D-AC24-4C3A-97E2-1DDE5950C0A2}.Release|x64.ActiveCfg = Release|x64
		{4641B43D-AC24-4C3A-97E2-1DDE5950C0A2}.Release|x64.Build.0 = Release|x64
		{4641B43D-AC24-4C3A-97E2-1DDE5950C0A2}.Release|x86.ActiveCfg = Release|x86
		{4641B43D-AC24-4C3A-97E2-1DDE5950C0A2}.Release|x86.Build.0 = Release|x86
		{F71B8AC9-5305-402F-ADA8-C75FFE09EE24}.Debug|Any CPU.ActiveCfg = Debug|Any CPU
		{F71B8AC9-5305-402F-ADA8-C75FFE09EE24}.Debug|Any CPU.Build.0 = Debug|Any CPU
		{F71B8AC9-5305-402F-ADA8-C75FFE09EE24}.Debug|ARM.ActiveCfg = Debug|Any CPU
		{F71B8AC9-5305-402F-ADA8-C75FFE09EE24}.Debug|ARM.Build.0 = Debug|Any CPU
		{F71B8AC9-5305-402F-ADA8-C75FFE09EE24}.Debug|Mixed Platforms.ActiveCfg = Debug|x86
		{F71B8AC9-5305-402F-ADA8-C75FFE09EE24}.Debug|Mixed Platforms.Build.0 = Debug|x86
		{F71B8AC9-5305-402F-ADA8-C75FFE09EE24}.Debug|x64.ActiveCfg = Debug|x64
		{F71B8AC9-5305-402F-ADA8-C75FFE09EE24}.Debug|x64.Build.0 = Debug|x64
		{F71B8AC9-5305-402F-ADA8-C75FFE09EE24}.Debug|x86.ActiveCfg = Debug|x86
		{F71B8AC9-5305-402F-ADA8-C75FFE09EE24}.Debug|x86.Build.0 = Debug|x86
		{F71B8AC9-5305-402F-ADA8-C75FFE09EE24}.Release|Any CPU.ActiveCfg = Release|Any CPU
		{F71B8AC9-5305-402F-ADA8-C75FFE09EE24}.Release|Any CPU.Build.0 = Release|Any CPU
		{F71B8AC9-5305-402F-ADA8-C75FFE09EE24}.Release|ARM.ActiveCfg = Release|ARM
		{F71B8AC9-5305-402F-ADA8-C75FFE09EE24}.Release|ARM.Build.0 = Release|ARM
		{F71B8AC9-5305-402F-ADA8-C75FFE09EE24}.Release|Mixed Platforms.ActiveCfg = Release|x86
		{F71B8AC9-5305-402F-ADA8-C75FFE09EE24}.Release|Mixed Platforms.Build.0 = Release|x86
		{F71B8AC9-5305-402F-ADA8-C75FFE09EE24}.Release|x64.ActiveCfg = Release|x64
		{F71B8AC9-5305-402F-ADA8-C75FFE09EE24}.Release|x64.Build.0 = Release|x64
		{F71B8AC9-5305-402F-ADA8-C75FFE09EE24}.Release|x86.ActiveCfg = Release|x86
		{F71B8AC9-5305-402F-ADA8-C75FFE09EE24}.Release|x86.Build.0 = Release|x86
		{E1946A10-CD58-4AC4-9EB9-83E84784111C}.Debug|Any CPU.ActiveCfg = Debug|Any CPU
		{E1946A10-CD58-4AC4-9EB9-83E84784111C}.Debug|Any CPU.Build.0 = Debug|Any CPU
		{E1946A10-CD58-4AC4-9EB9-83E84784111C}.Debug|Any CPU.Deploy.0 = Debug|Any CPU
		{E1946A10-CD58-4AC4-9EB9-83E84784111C}.Debug|ARM.ActiveCfg = Debug|Any CPU
		{E1946A10-CD58-4AC4-9EB9-83E84784111C}.Debug|ARM.Build.0 = Debug|Any CPU
		{E1946A10-CD58-4AC4-9EB9-83E84784111C}.Debug|ARM.Deploy.0 = Debug|Any CPU
		{E1946A10-CD58-4AC4-9EB9-83E84784111C}.Debug|Mixed Platforms.ActiveCfg = Debug|x86
		{E1946A10-CD58-4AC4-9EB9-83E84784111C}.Debug|Mixed Platforms.Build.0 = Debug|x86
		{E1946A10-CD58-4AC4-9EB9-83E84784111C}.Debug|Mixed Platforms.Deploy.0 = Debug|x86
		{E1946A10-CD58-4AC4-9EB9-83E84784111C}.Debug|x64.ActiveCfg = Debug|x64
		{E1946A10-CD58-4AC4-9EB9-83E84784111C}.Debug|x64.Build.0 = Debug|x64
		{E1946A10-CD58-4AC4-9EB9-83E84784111C}.Debug|x64.Deploy.0 = Debug|x64
		{E1946A10-CD58-4AC4-9EB9-83E84784111C}.Debug|x86.ActiveCfg = Debug|x86
		{E1946A10-CD58-4AC4-9EB9-83E84784111C}.Debug|x86.Build.0 = Debug|x86
		{E1946A10-CD58-4AC4-9EB9-83E84784111C}.Debug|x86.Deploy.0 = Debug|x86
		{E1946A10-CD58-4AC4-9EB9-83E84784111C}.Release|Any CPU.ActiveCfg = Release|Any CPU
		{E1946A10-CD58-4AC4-9EB9-83E84784111C}.Release|Any CPU.Build.0 = Release|Any CPU
		{E1946A10-CD58-4AC4-9EB9-83E84784111C}.Release|Any CPU.Deploy.0 = Release|Any CPU
		{E1946A10-CD58-4AC4-9EB9-83E84784111C}.Release|ARM.ActiveCfg = Release|ARM
		{E1946A10-CD58-4AC4-9EB9-83E84784111C}.Release|ARM.Build.0 = Release|ARM
		{E1946A10-CD58-4AC4-9EB9-83E84784111C}.Release|ARM.Deploy.0 = Release|ARM
		{E1946A10-CD58-4AC4-9EB9-83E84784111C}.Release|Mixed Platforms.ActiveCfg = Release|x86
		{E1946A10-CD58-4AC4-9EB9-83E84784111C}.Release|Mixed Platforms.Build.0 = Release|x86
		{E1946A10-CD58-4AC4-9EB9-83E84784111C}.Release|Mixed Platforms.Deploy.0 = Release|x86
		{E1946A10-CD58-4AC4-9EB9-83E84784111C}.Release|x64.ActiveCfg = Release|x64
		{E1946A10-CD58-4AC4-9EB9-83E84784111C}.Release|x64.Build.0 = Release|x64
		{E1946A10-CD58-4AC4-9EB9-83E84784111C}.Release|x64.Deploy.0 = Release|x64
		{E1946A10-CD58-4AC4-9EB9-83E84784111C}.Release|x86.ActiveCfg = Release|x86
		{E1946A10-CD58-4AC4-9EB9-83E84784111C}.Release|x86.Build.0 = Release|x86
		{E1946A10-CD58-4AC4-9EB9-83E84784111C}.Release|x86.Deploy.0 = Release|x86
		{A729BBB4-DBBB-46B0-9198-FB757B68AF3B}.Debug|Any CPU.ActiveCfg = Debug|Any CPU
		{A729BBB4-DBBB-46B0-9198-FB757B68AF3B}.Debug|Any CPU.Build.0 = Debug|Any CPU
		{A729BBB4-DBBB-46B0-9198-FB757B68AF3B}.Debug|ARM.ActiveCfg = Debug|Any CPU
		{A729BBB4-DBBB-46B0-9198-FB757B68AF3B}.Debug|ARM.Build.0 = Debug|Any CPU
		{A729BBB4-DBBB-46B0-9198-FB757B68AF3B}.Debug|Mixed Platforms.ActiveCfg = Debug|x86
		{A729BBB4-DBBB-46B0-9198-FB757B68AF3B}.Debug|Mixed Platforms.Build.0 = Debug|x86
		{A729BBB4-DBBB-46B0-9198-FB757B68AF3B}.Debug|x64.ActiveCfg = Debug|x64
		{A729BBB4-DBBB-46B0-9198-FB757B68AF3B}.Debug|x64.Build.0 = Debug|x64
		{A729BBB4-DBBB-46B0-9198-FB757B68AF3B}.Debug|x86.ActiveCfg = Debug|x86
		{A729BBB4-DBBB-46B0-9198-FB757B68AF3B}.Debug|x86.Build.0 = Debug|x86
		{A729BBB4-DBBB-46B0-9198-FB757B68AF3B}.Release|Any CPU.ActiveCfg = Release|Any CPU
		{A729BBB4-DBBB-46B0-9198-FB757B68AF3B}.Release|Any CPU.Build.0 = Release|Any CPU
		{A729BBB4-DBBB-46B0-9198-FB757B68AF3B}.Release|ARM.ActiveCfg = Release|ARM
		{A729BBB4-DBBB-46B0-9198-FB757B68AF3B}.Release|ARM.Build.0 = Release|ARM
		{A729BBB4-DBBB-46B0-9198-FB757B68AF3B}.Release|Mixed Platforms.ActiveCfg = Release|x86
		{A729BBB4-DBBB-46B0-9198-FB757B68AF3B}.Release|Mixed Platforms.Build.0 = Release|x86
		{A729BBB4-DBBB-46B0-9198-FB757B68AF3B}.Release|x64.ActiveCfg = Release|x64
		{A729BBB4-DBBB-46B0-9198-FB757B68AF3B}.Release|x64.Build.0 = Release|x64
		{A729BBB4-DBBB-46B0-9198-FB757B68AF3B}.Release|x86.ActiveCfg = Release|x86
		{A729BBB4-DBBB-46B0-9198-FB757B68AF3B}.Release|x86.Build.0 = Release|x86
		{36A2BAD0-6B8F-41AF-97EE-83EF34B5D42C}.Debug|Any CPU.ActiveCfg = Debug|Any CPU
		{36A2BAD0-6B8F-41AF-97EE-83EF34B5D42C}.Debug|Any CPU.Build.0 = Debug|Any CPU
		{36A2BAD0-6B8F-41AF-97EE-83EF34B5D42C}.Debug|ARM.ActiveCfg = Debug|Any CPU
		{36A2BAD0-6B8F-41AF-97EE-83EF34B5D42C}.Debug|Mixed Platforms.ActiveCfg = Debug|x86
		{36A2BAD0-6B8F-41AF-97EE-83EF34B5D42C}.Debug|Mixed Platforms.Build.0 = Debug|x86
		{36A2BAD0-6B8F-41AF-97EE-83EF34B5D42C}.Debug|x64.ActiveCfg = Debug|Any CPU
		{36A2BAD0-6B8F-41AF-97EE-83EF34B5D42C}.Debug|x86.ActiveCfg = Debug|x86
		{36A2BAD0-6B8F-41AF-97EE-83EF34B5D42C}.Debug|x86.Build.0 = Debug|x86
		{36A2BAD0-6B8F-41AF-97EE-83EF34B5D42C}.Release|Any CPU.ActiveCfg = Release|Any CPU
		{36A2BAD0-6B8F-41AF-97EE-83EF34B5D42C}.Release|Any CPU.Build.0 = Release|Any CPU
		{36A2BAD0-6B8F-41AF-97EE-83EF34B5D42C}.Release|ARM.ActiveCfg = Release|Any CPU
		{36A2BAD0-6B8F-41AF-97EE-83EF34B5D42C}.Release|Mixed Platforms.ActiveCfg = Release|Any CPU
		{36A2BAD0-6B8F-41AF-97EE-83EF34B5D42C}.Release|Mixed Platforms.Build.0 = Release|Any CPU
		{36A2BAD0-6B8F-41AF-97EE-83EF34B5D42C}.Release|x64.ActiveCfg = Release|Any CPU
		{36A2BAD0-6B8F-41AF-97EE-83EF34B5D42C}.Release|x86.ActiveCfg = Release|Any CPU
		{958D702A-E873-45C2-9CB1-E5FA35C98F6C}.Debug|Any CPU.ActiveCfg = Debug|Any CPU
		{958D702A-E873-45C2-9CB1-E5FA35C98F6C}.Debug|Any CPU.Build.0 = Debug|Any CPU
		{958D702A-E873-45C2-9CB1-E5FA35C98F6C}.Debug|ARM.ActiveCfg = Debug|Any CPU
		{958D702A-E873-45C2-9CB1-E5FA35C98F6C}.Debug|Mixed Platforms.ActiveCfg = Debug|x86
		{958D702A-E873-45C2-9CB1-E5FA35C98F6C}.Debug|Mixed Platforms.Build.0 = Debug|x86
		{958D702A-E873-45C2-9CB1-E5FA35C98F6C}.Debug|x64.ActiveCfg = Debug|Any CPU
		{958D702A-E873-45C2-9CB1-E5FA35C98F6C}.Debug|x86.ActiveCfg = Debug|x86
		{958D702A-E873-45C2-9CB1-E5FA35C98F6C}.Debug|x86.Build.0 = Debug|x86
		{958D702A-E873-45C2-9CB1-E5FA35C98F6C}.Release|Any CPU.ActiveCfg = Release|Any CPU
		{958D702A-E873-45C2-9CB1-E5FA35C98F6C}.Release|Any CPU.Build.0 = Release|Any CPU
		{958D702A-E873-45C2-9CB1-E5FA35C98F6C}.Release|ARM.ActiveCfg = Release|Any CPU
		{958D702A-E873-45C2-9CB1-E5FA35C98F6C}.Release|Mixed Platforms.ActiveCfg = Release|Any CPU
		{958D702A-E873-45C2-9CB1-E5FA35C98F6C}.Release|Mixed Platforms.Build.0 = Release|Any CPU
		{958D702A-E873-45C2-9CB1-E5FA35C98F6C}.Release|x64.ActiveCfg = Release|Any CPU
		{958D702A-E873-45C2-9CB1-E5FA35C98F6C}.Release|x86.ActiveCfg = Release|Any CPU
		{4AEFCB91-3790-4B81-A55B-646071D37268}.Debug|Any CPU.ActiveCfg = Debug|Any CPU
		{4AEFCB91-3790-4B81-A55B-646071D37268}.Debug|Any CPU.Build.0 = Debug|Any CPU
		{4AEFCB91-3790-4B81-A55B-646071D37268}.Debug|ARM.ActiveCfg = Debug|Any CPU
		{4AEFCB91-3790-4B81-A55B-646071D37268}.Debug|Mixed Platforms.ActiveCfg = Debug|x86
		{4AEFCB91-3790-4B81-A55B-646071D37268}.Debug|Mixed Platforms.Build.0 = Debug|x86
		{4AEFCB91-3790-4B81-A55B-646071D37268}.Debug|x64.ActiveCfg = Debug|Any CPU
		{4AEFCB91-3790-4B81-A55B-646071D37268}.Debug|x86.ActiveCfg = Debug|Any CPU
		{4AEFCB91-3790-4B81-A55B-646071D37268}.Release|Any CPU.ActiveCfg = Release|Any CPU
		{4AEFCB91-3790-4B81-A55B-646071D37268}.Release|Any CPU.Build.0 = Release|Any CPU
		{4AEFCB91-3790-4B81-A55B-646071D37268}.Release|ARM.ActiveCfg = Release|Any CPU
		{4AEFCB91-3790-4B81-A55B-646071D37268}.Release|Mixed Platforms.ActiveCfg = Release|Any CPU
		{4AEFCB91-3790-4B81-A55B-646071D37268}.Release|Mixed Platforms.Build.0 = Release|Any CPU
		{4AEFCB91-3790-4B81-A55B-646071D37268}.Release|x64.ActiveCfg = Release|Any CPU
		{4AEFCB91-3790-4B81-A55B-646071D37268}.Release|x86.ActiveCfg = Release|Any CPU
		{C0CECD78-6BC6-49E9-BD8A-3FCE5E600350}.Debug|Any CPU.ActiveCfg = Debug|Any CPU
		{C0CECD78-6BC6-49E9-BD8A-3FCE5E600350}.Debug|Any CPU.Build.0 = Debug|Any CPU
		{C0CECD78-6BC6-49E9-BD8A-3FCE5E600350}.Debug|Any CPU.Deploy.0 = Debug|Any CPU
		{C0CECD78-6BC6-49E9-BD8A-3FCE5E600350}.Debug|ARM.ActiveCfg = Debug|Any CPU
		{C0CECD78-6BC6-49E9-BD8A-3FCE5E600350}.Debug|ARM.Build.0 = Debug|Any CPU
		{C0CECD78-6BC6-49E9-BD8A-3FCE5E600350}.Debug|ARM.Deploy.0 = Debug|Any CPU
		{C0CECD78-6BC6-49E9-BD8A-3FCE5E600350}.Debug|Mixed Platforms.ActiveCfg = Debug|x86
		{C0CECD78-6BC6-49E9-BD8A-3FCE5E600350}.Debug|Mixed Platforms.Build.0 = Debug|x86
		{C0CECD78-6BC6-49E9-BD8A-3FCE5E600350}.Debug|Mixed Platforms.Deploy.0 = Debug|x86
		{C0CECD78-6BC6-49E9-BD8A-3FCE5E600350}.Debug|x64.ActiveCfg = Debug|x64
		{C0CECD78-6BC6-49E9-BD8A-3FCE5E600350}.Debug|x64.Build.0 = Debug|x64
		{C0CECD78-6BC6-49E9-BD8A-3FCE5E600350}.Debug|x64.Deploy.0 = Debug|x64
		{C0CECD78-6BC6-49E9-BD8A-3FCE5E600350}.Debug|x86.ActiveCfg = Debug|x86
		{C0CECD78-6BC6-49E9-BD8A-3FCE5E600350}.Debug|x86.Build.0 = Debug|x86
		{C0CECD78-6BC6-49E9-BD8A-3FCE5E600350}.Debug|x86.Deploy.0 = Debug|x86
		{C0CECD78-6BC6-49E9-BD8A-3FCE5E600350}.Release|Any CPU.ActiveCfg = Release|Any CPU
		{C0CECD78-6BC6-49E9-BD8A-3FCE5E600350}.Release|Any CPU.Build.0 = Release|Any CPU
		{C0CECD78-6BC6-49E9-BD8A-3FCE5E600350}.Release|Any CPU.Deploy.0 = Release|Any CPU
		{C0CECD78-6BC6-49E9-BD8A-3FCE5E600350}.Release|ARM.ActiveCfg = Release|ARM
		{C0CECD78-6BC6-49E9-BD8A-3FCE5E600350}.Release|ARM.Build.0 = Release|ARM
		{C0CECD78-6BC6-49E9-BD8A-3FCE5E600350}.Release|ARM.Deploy.0 = Release|ARM
		{C0CECD78-6BC6-49E9-BD8A-3FCE5E600350}.Release|Mixed Platforms.ActiveCfg = Release|x86
		{C0CECD78-6BC6-49E9-BD8A-3FCE5E600350}.Release|Mixed Platforms.Build.0 = Release|x86
		{C0CECD78-6BC6-49E9-BD8A-3FCE5E600350}.Release|Mixed Platforms.Deploy.0 = Release|x86
		{C0CECD78-6BC6-49E9-BD8A-3FCE5E600350}.Release|x64.ActiveCfg = Release|x64
		{C0CECD78-6BC6-49E9-BD8A-3FCE5E600350}.Release|x64.Build.0 = Release|x64
		{C0CECD78-6BC6-49E9-BD8A-3FCE5E600350}.Release|x64.Deploy.0 = Release|x64
		{C0CECD78-6BC6-49E9-BD8A-3FCE5E600350}.Release|x86.ActiveCfg = Release|x86
		{C0CECD78-6BC6-49E9-BD8A-3FCE5E600350}.Release|x86.Build.0 = Release|x86
		{C0CECD78-6BC6-49E9-BD8A-3FCE5E600350}.Release|x86.Deploy.0 = Release|x86
		{567F62B5-9CDE-4241-8675-C92A3E9546A8}.Debug|Any CPU.ActiveCfg = Debug|Any CPU
		{567F62B5-9CDE-4241-8675-C92A3E9546A8}.Debug|Any CPU.Build.0 = Debug|Any CPU
		{567F62B5-9CDE-4241-8675-C92A3E9546A8}.Debug|ARM.ActiveCfg = Debug|Any CPU
		{567F62B5-9CDE-4241-8675-C92A3E9546A8}.Debug|ARM.Build.0 = Debug|Any CPU
		{567F62B5-9CDE-4241-8675-C92A3E9546A8}.Debug|Mixed Platforms.ActiveCfg = Debug|x86
		{567F62B5-9CDE-4241-8675-C92A3E9546A8}.Debug|Mixed Platforms.Build.0 = Debug|x86
		{567F62B5-9CDE-4241-8675-C92A3E9546A8}.Debug|x64.ActiveCfg = Debug|x64
		{567F62B5-9CDE-4241-8675-C92A3E9546A8}.Debug|x64.Build.0 = Debug|x64
		{567F62B5-9CDE-4241-8675-C92A3E9546A8}.Debug|x86.ActiveCfg = Debug|x86
		{567F62B5-9CDE-4241-8675-C92A3E9546A8}.Debug|x86.Build.0 = Debug|x86
		{567F62B5-9CDE-4241-8675-C92A3E9546A8}.Release|Any CPU.ActiveCfg = Release|Any CPU
		{567F62B5-9CDE-4241-8675-C92A3E9546A8}.Release|Any CPU.Build.0 = Release|Any CPU
		{567F62B5-9CDE-4241-8675-C92A3E9546A8}.Release|ARM.ActiveCfg = Release|ARM
		{567F62B5-9CDE-4241-8675-C92A3E9546A8}.Release|ARM.Build.0 = Release|ARM
		{567F62B5-9CDE-4241-8675-C92A3E9546A8}.Release|Mixed Platforms.ActiveCfg = Release|x86
		{567F62B5-9CDE-4241-8675-C92A3E9546A8}.Release|Mixed Platforms.Build.0 = Release|x86
		{567F62B5-9CDE-4241-8675-C92A3E9546A8}.Release|x64.ActiveCfg = Release|x64
		{567F62B5-9CDE-4241-8675-C92A3E9546A8}.Release|x64.Build.0 = Release|x64
		{567F62B5-9CDE-4241-8675-C92A3E9546A8}.Release|x86.ActiveCfg = Release|x86
		{567F62B5-9CDE-4241-8675-C92A3E9546A8}.Release|x86.Build.0 = Release|x86
		{181EECDC-99D9-433A-BA67-CE3821684C2F}.Debug|Any CPU.ActiveCfg = Debug|Any CPU
		{181EECDC-99D9-433A-BA67-CE3821684C2F}.Debug|Any CPU.Build.0 = Debug|Any CPU
		{181EECDC-99D9-433A-BA67-CE3821684C2F}.Debug|ARM.ActiveCfg = Debug|Any CPU
		{181EECDC-99D9-433A-BA67-CE3821684C2F}.Debug|ARM.Build.0 = Debug|Any CPU
		{181EECDC-99D9-433A-BA67-CE3821684C2F}.Debug|Mixed Platforms.ActiveCfg = Debug|x86
		{181EECDC-99D9-433A-BA67-CE3821684C2F}.Debug|Mixed Platforms.Build.0 = Debug|x86
		{181EECDC-99D9-433A-BA67-CE3821684C2F}.Debug|x64.ActiveCfg = Debug|x64
		{181EECDC-99D9-433A-BA67-CE3821684C2F}.Debug|x64.Build.0 = Debug|x64
		{181EECDC-99D9-433A-BA67-CE3821684C2F}.Debug|x86.ActiveCfg = Debug|x86
		{181EECDC-99D9-433A-BA67-CE3821684C2F}.Debug|x86.Build.0 = Debug|x86
		{181EECDC-99D9-433A-BA67-CE3821684C2F}.Release|Any CPU.ActiveCfg = Release|Any CPU
		{181EECDC-99D9-433A-BA67-CE3821684C2F}.Release|Any CPU.Build.0 = Release|Any CPU
		{181EECDC-99D9-433A-BA67-CE3821684C2F}.Release|ARM.ActiveCfg = Release|ARM
		{181EECDC-99D9-433A-BA67-CE3821684C2F}.Release|ARM.Build.0 = Release|ARM
		{181EECDC-99D9-433A-BA67-CE3821684C2F}.Release|Mixed Platforms.ActiveCfg = Release|x86
		{181EECDC-99D9-433A-BA67-CE3821684C2F}.Release|Mixed Platforms.Build.0 = Release|x86
		{181EECDC-99D9-433A-BA67-CE3821684C2F}.Release|x64.ActiveCfg = Release|x64
		{181EECDC-99D9-433A-BA67-CE3821684C2F}.Release|x64.Build.0 = Release|x64
		{181EECDC-99D9-433A-BA67-CE3821684C2F}.Release|x86.ActiveCfg = Release|x86
		{181EECDC-99D9-433A-BA67-CE3821684C2F}.Release|x86.Build.0 = Release|x86
		{A9300E19-216B-413F-AECB-7E02D8FB22AD}.Debug|Any CPU.ActiveCfg = Debug|Any CPU
		{A9300E19-216B-413F-AECB-7E02D8FB22AD}.Debug|Any CPU.Build.0 = Debug|Any CPU
		{A9300E19-216B-413F-AECB-7E02D8FB22AD}.Debug|ARM.ActiveCfg = Debug|Any CPU
		{A9300E19-216B-413F-AECB-7E02D8FB22AD}.Debug|Mixed Platforms.ActiveCfg = Debug|Any CPU
		{A9300E19-216B-413F-AECB-7E02D8FB22AD}.Debug|Mixed Platforms.Build.0 = Debug|Any CPU
		{A9300E19-216B-413F-AECB-7E02D8FB22AD}.Debug|x64.ActiveCfg = Debug|Any CPU
		{A9300E19-216B-413F-AECB-7E02D8FB22AD}.Debug|x86.ActiveCfg = Debug|x86
		{A9300E19-216B-413F-AECB-7E02D8FB22AD}.Debug|x86.Build.0 = Debug|x86
		{A9300E19-216B-413F-AECB-7E02D8FB22AD}.Release|Any CPU.ActiveCfg = Release|Any CPU
		{A9300E19-216B-413F-AECB-7E02D8FB22AD}.Release|Any CPU.Build.0 = Release|Any CPU
		{A9300E19-216B-413F-AECB-7E02D8FB22AD}.Release|ARM.ActiveCfg = Release|Any CPU
		{A9300E19-216B-413F-AECB-7E02D8FB22AD}.Release|Mixed Platforms.ActiveCfg = Release|Any CPU
		{A9300E19-216B-413F-AECB-7E02D8FB22AD}.Release|Mixed Platforms.Build.0 = Release|Any CPU
		{A9300E19-216B-413F-AECB-7E02D8FB22AD}.Release|x64.ActiveCfg = Release|Any CPU
		{A9300E19-216B-413F-AECB-7E02D8FB22AD}.Release|x86.ActiveCfg = Release|Any CPU
		{8BCC54E1-4586-4A35-9AC9-43E81540B05C}.Debug|Any CPU.ActiveCfg = Debug|Any CPU
		{8BCC54E1-4586-4A35-9AC9-43E81540B05C}.Debug|Any CPU.Build.0 = Debug|Any CPU
		{8BCC54E1-4586-4A35-9AC9-43E81540B05C}.Debug|ARM.ActiveCfg = Debug|Any CPU
		{8BCC54E1-4586-4A35-9AC9-43E81540B05C}.Debug|Mixed Platforms.ActiveCfg = Debug|Any CPU
		{8BCC54E1-4586-4A35-9AC9-43E81540B05C}.Debug|Mixed Platforms.Build.0 = Debug|Any CPU
		{8BCC54E1-4586-4A35-9AC9-43E81540B05C}.Debug|x64.ActiveCfg = Debug|Any CPU
		{8BCC54E1-4586-4A35-9AC9-43E81540B05C}.Debug|x86.ActiveCfg = Debug|x86
		{8BCC54E1-4586-4A35-9AC9-43E81540B05C}.Debug|x86.Build.0 = Debug|x86
		{8BCC54E1-4586-4A35-9AC9-43E81540B05C}.Release|Any CPU.ActiveCfg = Release|Any CPU
		{8BCC54E1-4586-4A35-9AC9-43E81540B05C}.Release|Any CPU.Build.0 = Release|Any CPU
		{8BCC54E1-4586-4A35-9AC9-43E81540B05C}.Release|ARM.ActiveCfg = Release|Any CPU
		{8BCC54E1-4586-4A35-9AC9-43E81540B05C}.Release|Mixed Platforms.ActiveCfg = Release|Any CPU
		{8BCC54E1-4586-4A35-9AC9-43E81540B05C}.Release|Mixed Platforms.Build.0 = Release|Any CPU
		{8BCC54E1-4586-4A35-9AC9-43E81540B05C}.Release|x64.ActiveCfg = Release|Any CPU
		{8BCC54E1-4586-4A35-9AC9-43E81540B05C}.Release|x86.ActiveCfg = Release|Any CPU
		{1DCF6F96-5004-45F0-B422-302184AD60B9}.Debug|Any CPU.ActiveCfg = Debug|Any CPU
		{1DCF6F96-5004-45F0-B422-302184AD60B9}.Debug|Any CPU.Build.0 = Debug|Any CPU
		{1DCF6F96-5004-45F0-B422-302184AD60B9}.Debug|Any CPU.Deploy.0 = Debug|Any CPU
		{1DCF6F96-5004-45F0-B422-302184AD60B9}.Debug|ARM.ActiveCfg = Debug|Any CPU
		{1DCF6F96-5004-45F0-B422-302184AD60B9}.Debug|ARM.Build.0 = Debug|Any CPU
		{1DCF6F96-5004-45F0-B422-302184AD60B9}.Debug|ARM.Deploy.0 = Debug|Any CPU
		{1DCF6F96-5004-45F0-B422-302184AD60B9}.Debug|Mixed Platforms.ActiveCfg = Debug|x86
		{1DCF6F96-5004-45F0-B422-302184AD60B9}.Debug|Mixed Platforms.Build.0 = Debug|x86
		{1DCF6F96-5004-45F0-B422-302184AD60B9}.Debug|Mixed Platforms.Deploy.0 = Debug|x86
		{1DCF6F96-5004-45F0-B422-302184AD60B9}.Debug|x64.ActiveCfg = Debug|x64
		{1DCF6F96-5004-45F0-B422-302184AD60B9}.Debug|x64.Build.0 = Debug|x64
		{1DCF6F96-5004-45F0-B422-302184AD60B9}.Debug|x64.Deploy.0 = Debug|x64
		{1DCF6F96-5004-45F0-B422-302184AD60B9}.Debug|x86.ActiveCfg = Debug|x86
		{1DCF6F96-5004-45F0-B422-302184AD60B9}.Debug|x86.Build.0 = Debug|x86
		{1DCF6F96-5004-45F0-B422-302184AD60B9}.Debug|x86.Deploy.0 = Debug|x86
		{1DCF6F96-5004-45F0-B422-302184AD60B9}.Release|Any CPU.ActiveCfg = Release|Any CPU
		{1DCF6F96-5004-45F0-B422-302184AD60B9}.Release|Any CPU.Build.0 = Release|Any CPU
		{1DCF6F96-5004-45F0-B422-302184AD60B9}.Release|Any CPU.Deploy.0 = Release|Any CPU
		{1DCF6F96-5004-45F0-B422-302184AD60B9}.Release|ARM.ActiveCfg = Release|ARM
		{1DCF6F96-5004-45F0-B422-302184AD60B9}.Release|ARM.Build.0 = Release|ARM
		{1DCF6F96-5004-45F0-B422-302184AD60B9}.Release|ARM.Deploy.0 = Release|ARM
		{1DCF6F96-5004-45F0-B422-302184AD60B9}.Release|Mixed Platforms.ActiveCfg = Release|x86
		{1DCF6F96-5004-45F0-B422-302184AD60B9}.Release|Mixed Platforms.Build.0 = Release|x86
		{1DCF6F96-5004-45F0-B422-302184AD60B9}.Release|Mixed Platforms.Deploy.0 = Release|x86
		{1DCF6F96-5004-45F0-B422-302184AD60B9}.Release|x64.ActiveCfg = Release|x64
		{1DCF6F96-5004-45F0-B422-302184AD60B9}.Release|x64.Build.0 = Release|x64
		{1DCF6F96-5004-45F0-B422-302184AD60B9}.Release|x64.Deploy.0 = Release|x64
		{1DCF6F96-5004-45F0-B422-302184AD60B9}.Release|x86.ActiveCfg = Release|x86
		{1DCF6F96-5004-45F0-B422-302184AD60B9}.Release|x86.Build.0 = Release|x86
		{1DCF6F96-5004-45F0-B422-302184AD60B9}.Release|x86.Deploy.0 = Release|x86
		{9F629F44-C762-4A11-BC3D-9D3B7DE926B6}.Debug|Any CPU.ActiveCfg = Debug|Any CPU
		{9F629F44-C762-4A11-BC3D-9D3B7DE926B6}.Debug|Any CPU.Build.0 = Debug|Any CPU
		{9F629F44-C762-4A11-BC3D-9D3B7DE926B6}.Debug|Any CPU.Deploy.0 = Debug|Any CPU
		{9F629F44-C762-4A11-BC3D-9D3B7DE926B6}.Debug|ARM.ActiveCfg = Debug|ARM
		{9F629F44-C762-4A11-BC3D-9D3B7DE926B6}.Debug|ARM.Build.0 = Debug|ARM
		{9F629F44-C762-4A11-BC3D-9D3B7DE926B6}.Debug|ARM.Deploy.0 = Debug|ARM
		{9F629F44-C762-4A11-BC3D-9D3B7DE926B6}.Debug|Mixed Platforms.ActiveCfg = Debug|ARM
		{9F629F44-C762-4A11-BC3D-9D3B7DE926B6}.Debug|Mixed Platforms.Build.0 = Debug|ARM
		{9F629F44-C762-4A11-BC3D-9D3B7DE926B6}.Debug|Mixed Platforms.Deploy.0 = Debug|ARM
		{9F629F44-C762-4A11-BC3D-9D3B7DE926B6}.Debug|x64.ActiveCfg = Debug|Any CPU
		{9F629F44-C762-4A11-BC3D-9D3B7DE926B6}.Debug|x86.ActiveCfg = Debug|x86
		{9F629F44-C762-4A11-BC3D-9D3B7DE926B6}.Debug|x86.Build.0 = Debug|x86
		{9F629F44-C762-4A11-BC3D-9D3B7DE926B6}.Debug|x86.Deploy.0 = Debug|x86
		{9F629F44-C762-4A11-BC3D-9D3B7DE926B6}.Release|Any CPU.ActiveCfg = Release|Any CPU
		{9F629F44-C762-4A11-BC3D-9D3B7DE926B6}.Release|Any CPU.Build.0 = Release|Any CPU
		{9F629F44-C762-4A11-BC3D-9D3B7DE926B6}.Release|Any CPU.Deploy.0 = Release|Any CPU
		{9F629F44-C762-4A11-BC3D-9D3B7DE926B6}.Release|ARM.ActiveCfg = Release|ARM
		{9F629F44-C762-4A11-BC3D-9D3B7DE926B6}.Release|ARM.Build.0 = Release|ARM
		{9F629F44-C762-4A11-BC3D-9D3B7DE926B6}.Release|ARM.Deploy.0 = Release|ARM
		{9F629F44-C762-4A11-BC3D-9D3B7DE926B6}.Release|Mixed Platforms.ActiveCfg = Release|Any CPU
		{9F629F44-C762-4A11-BC3D-9D3B7DE926B6}.Release|Mixed Platforms.Build.0 = Release|Any CPU
		{9F629F44-C762-4A11-BC3D-9D3B7DE926B6}.Release|Mixed Platforms.Deploy.0 = Release|Any CPU
		{9F629F44-C762-4A11-BC3D-9D3B7DE926B6}.Release|x64.ActiveCfg = Release|Any CPU
		{9F629F44-C762-4A11-BC3D-9D3B7DE926B6}.Release|x86.ActiveCfg = Release|x86
		{9F629F44-C762-4A11-BC3D-9D3B7DE926B6}.Release|x86.Build.0 = Release|x86
		{9F629F44-C762-4A11-BC3D-9D3B7DE926B6}.Release|x86.Deploy.0 = Release|x86
		{529B5041-022F-4445-A118-D64FBDBABFC4}.Debug|Any CPU.ActiveCfg = Debug|Any CPU
		{529B5041-022F-4445-A118-D64FBDBABFC4}.Debug|Any CPU.Build.0 = Debug|Any CPU
		{529B5041-022F-4445-A118-D64FBDBABFC4}.Debug|ARM.ActiveCfg = Debug|Any CPU
		{529B5041-022F-4445-A118-D64FBDBABFC4}.Debug|ARM.Build.0 = Debug|Any CPU
		{529B5041-022F-4445-A118-D64FBDBABFC4}.Debug|Mixed Platforms.ActiveCfg = Debug|Any CPU
		{529B5041-022F-4445-A118-D64FBDBABFC4}.Debug|Mixed Platforms.Build.0 = Debug|Any CPU
		{529B5041-022F-4445-A118-D64FBDBABFC4}.Debug|x64.ActiveCfg = Debug|Any CPU
		{529B5041-022F-4445-A118-D64FBDBABFC4}.Debug|x86.ActiveCfg = Debug|x86
		{529B5041-022F-4445-A118-D64FBDBABFC4}.Debug|x86.Build.0 = Debug|x86
		{529B5041-022F-4445-A118-D64FBDBABFC4}.Release|Any CPU.ActiveCfg = Release|Any CPU
		{529B5041-022F-4445-A118-D64FBDBABFC4}.Release|Any CPU.Build.0 = Release|Any CPU
		{529B5041-022F-4445-A118-D64FBDBABFC4}.Release|ARM.ActiveCfg = Release|ARM
		{529B5041-022F-4445-A118-D64FBDBABFC4}.Release|ARM.Build.0 = Release|ARM
		{529B5041-022F-4445-A118-D64FBDBABFC4}.Release|Mixed Platforms.ActiveCfg = Release|Any CPU
		{529B5041-022F-4445-A118-D64FBDBABFC4}.Release|Mixed Platforms.Build.0 = Release|Any CPU
		{529B5041-022F-4445-A118-D64FBDBABFC4}.Release|x64.ActiveCfg = Release|Any CPU
		{529B5041-022F-4445-A118-D64FBDBABFC4}.Release|x86.ActiveCfg = Release|x86
		{529B5041-022F-4445-A118-D64FBDBABFC4}.Release|x86.Build.0 = Release|x86
		{1C542AE9-D6BD-480C-85F2-C6255F8BAD12}.Debug|Any CPU.ActiveCfg = Debug|Any CPU
		{1C542AE9-D6BD-480C-85F2-C6255F8BAD12}.Debug|Any CPU.Build.0 = Debug|Any CPU
		{1C542AE9-D6BD-480C-85F2-C6255F8BAD12}.Debug|Any CPU.Deploy.0 = Debug|Any CPU
		{1C542AE9-D6BD-480C-85F2-C6255F8BAD12}.Debug|ARM.ActiveCfg = Debug|Any CPU
		{1C542AE9-D6BD-480C-85F2-C6255F8BAD12}.Debug|ARM.Build.0 = Debug|Any CPU
		{1C542AE9-D6BD-480C-85F2-C6255F8BAD12}.Debug|ARM.Deploy.0 = Debug|Any CPU
		{1C542AE9-D6BD-480C-85F2-C6255F8BAD12}.Debug|Mixed Platforms.ActiveCfg = Debug|ARM
		{1C542AE9-D6BD-480C-85F2-C6255F8BAD12}.Debug|Mixed Platforms.Build.0 = Debug|ARM
		{1C542AE9-D6BD-480C-85F2-C6255F8BAD12}.Debug|Mixed Platforms.Deploy.0 = Debug|ARM
		{1C542AE9-D6BD-480C-85F2-C6255F8BAD12}.Debug|x64.ActiveCfg = Debug|Any CPU
		{1C542AE9-D6BD-480C-85F2-C6255F8BAD12}.Debug|x86.ActiveCfg = Debug|x86
		{1C542AE9-D6BD-480C-85F2-C6255F8BAD12}.Debug|x86.Build.0 = Debug|x86
		{1C542AE9-D6BD-480C-85F2-C6255F8BAD12}.Debug|x86.Deploy.0 = Debug|x86
		{1C542AE9-D6BD-480C-85F2-C6255F8BAD12}.Release|Any CPU.ActiveCfg = Release|Any CPU
		{1C542AE9-D6BD-480C-85F2-C6255F8BAD12}.Release|Any CPU.Build.0 = Release|Any CPU
		{1C542AE9-D6BD-480C-85F2-C6255F8BAD12}.Release|Any CPU.Deploy.0 = Release|Any CPU
		{1C542AE9-D6BD-480C-85F2-C6255F8BAD12}.Release|ARM.ActiveCfg = Release|ARM
		{1C542AE9-D6BD-480C-85F2-C6255F8BAD12}.Release|ARM.Build.0 = Release|ARM
		{1C542AE9-D6BD-480C-85F2-C6255F8BAD12}.Release|ARM.Deploy.0 = Release|ARM
		{1C542AE9-D6BD-480C-85F2-C6255F8BAD12}.Release|Mixed Platforms.ActiveCfg = Release|Any CPU
		{1C542AE9-D6BD-480C-85F2-C6255F8BAD12}.Release|Mixed Platforms.Build.0 = Release|Any CPU
		{1C542AE9-D6BD-480C-85F2-C6255F8BAD12}.Release|Mixed Platforms.Deploy.0 = Release|Any CPU
		{1C542AE9-D6BD-480C-85F2-C6255F8BAD12}.Release|x64.ActiveCfg = Release|Any CPU
		{1C542AE9-D6BD-480C-85F2-C6255F8BAD12}.Release|x86.ActiveCfg = Release|x86
		{1C542AE9-D6BD-480C-85F2-C6255F8BAD12}.Release|x86.Build.0 = Release|x86
		{1C542AE9-D6BD-480C-85F2-C6255F8BAD12}.Release|x86.Deploy.0 = Release|x86
		{7A8A6A29-C647-4567-B8AC-EB97827B431D}.Debug|Any CPU.ActiveCfg = Debug|Any CPU
		{7A8A6A29-C647-4567-B8AC-EB97827B431D}.Debug|Any CPU.Build.0 = Debug|Any CPU
		{7A8A6A29-C647-4567-B8AC-EB97827B431D}.Debug|ARM.ActiveCfg = Debug|Any CPU
		{7A8A6A29-C647-4567-B8AC-EB97827B431D}.Debug|ARM.Build.0 = Debug|Any CPU
		{7A8A6A29-C647-4567-B8AC-EB97827B431D}.Debug|Mixed Platforms.ActiveCfg = Debug|Any CPU
		{7A8A6A29-C647-4567-B8AC-EB97827B431D}.Debug|Mixed Platforms.Build.0 = Debug|Any CPU
		{7A8A6A29-C647-4567-B8AC-EB97827B431D}.Debug|x64.ActiveCfg = Debug|Any CPU
		{7A8A6A29-C647-4567-B8AC-EB97827B431D}.Debug|x86.ActiveCfg = Debug|x86
		{7A8A6A29-C647-4567-B8AC-EB97827B431D}.Debug|x86.Build.0 = Debug|x86
		{7A8A6A29-C647-4567-B8AC-EB97827B431D}.Release|Any CPU.ActiveCfg = Release|Any CPU
		{7A8A6A29-C647-4567-B8AC-EB97827B431D}.Release|Any CPU.Build.0 = Release|Any CPU
		{7A8A6A29-C647-4567-B8AC-EB97827B431D}.Release|ARM.ActiveCfg = Release|ARM
		{7A8A6A29-C647-4567-B8AC-EB97827B431D}.Release|ARM.Build.0 = Release|ARM
		{7A8A6A29-C647-4567-B8AC-EB97827B431D}.Release|Mixed Platforms.ActiveCfg = Release|Any CPU
		{7A8A6A29-C647-4567-B8AC-EB97827B431D}.Release|Mixed Platforms.Build.0 = Release|Any CPU
		{7A8A6A29-C647-4567-B8AC-EB97827B431D}.Release|x64.ActiveCfg = Release|Any CPU
		{7A8A6A29-C647-4567-B8AC-EB97827B431D}.Release|x86.ActiveCfg = Release|x86
		{7A8A6A29-C647-4567-B8AC-EB97827B431D}.Release|x86.Build.0 = Release|x86
		{A268D6E5-5A0C-46A7-9285-372CAF007EDF}.Debug|Any CPU.ActiveCfg = Debug|Any CPU
		{A268D6E5-5A0C-46A7-9285-372CAF007EDF}.Debug|Any CPU.Build.0 = Debug|Any CPU
		{A268D6E5-5A0C-46A7-9285-372CAF007EDF}.Debug|ARM.ActiveCfg = Debug|ARM
		{A268D6E5-5A0C-46A7-9285-372CAF007EDF}.Debug|ARM.Build.0 = Debug|ARM
		{A268D6E5-5A0C-46A7-9285-372CAF007EDF}.Debug|Mixed Platforms.ActiveCfg = Debug|x86
		{A268D6E5-5A0C-46A7-9285-372CAF007EDF}.Debug|Mixed Platforms.Build.0 = Debug|x86
		{A268D6E5-5A0C-46A7-9285-372CAF007EDF}.Debug|x64.ActiveCfg = Debug|x64
		{A268D6E5-5A0C-46A7-9285-372CAF007EDF}.Debug|x64.Build.0 = Debug|x64
		{A268D6E5-5A0C-46A7-9285-372CAF007EDF}.Debug|x86.ActiveCfg = Debug|x86
		{A268D6E5-5A0C-46A7-9285-372CAF007EDF}.Debug|x86.Build.0 = Debug|x86
		{A268D6E5-5A0C-46A7-9285-372CAF007EDF}.Release|Any CPU.ActiveCfg = Release|Any CPU
		{A268D6E5-5A0C-46A7-9285-372CAF007EDF}.Release|Any CPU.Build.0 = Release|Any CPU
		{A268D6E5-5A0C-46A7-9285-372CAF007EDF}.Release|ARM.ActiveCfg = Release|ARM
		{A268D6E5-5A0C-46A7-9285-372CAF007EDF}.Release|ARM.Build.0 = Release|ARM
		{A268D6E5-5A0C-46A7-9285-372CAF007EDF}.Release|Mixed Platforms.ActiveCfg = Release|x86
		{A268D6E5-5A0C-46A7-9285-372CAF007EDF}.Release|Mixed Platforms.Build.0 = Release|x86
		{A268D6E5-5A0C-46A7-9285-372CAF007EDF}.Release|x64.ActiveCfg = Release|x64
		{A268D6E5-5A0C-46A7-9285-372CAF007EDF}.Release|x64.Build.0 = Release|x64
		{A268D6E5-5A0C-46A7-9285-372CAF007EDF}.Release|x86.ActiveCfg = Release|x86
		{A268D6E5-5A0C-46A7-9285-372CAF007EDF}.Release|x86.Build.0 = Release|x86
		{44813026-7C80-4170-AF06-C71E2879E7C3}.Debug|Any CPU.ActiveCfg = Debug|Any CPU
		{44813026-7C80-4170-AF06-C71E2879E7C3}.Debug|Any CPU.Build.0 = Debug|Any CPU
		{44813026-7C80-4170-AF06-C71E2879E7C3}.Debug|ARM.ActiveCfg = Debug|ARM
		{44813026-7C80-4170-AF06-C71E2879E7C3}.Debug|ARM.Build.0 = Debug|ARM
		{44813026-7C80-4170-AF06-C71E2879E7C3}.Debug|Mixed Platforms.ActiveCfg = Debug|Any CPU
		{44813026-7C80-4170-AF06-C71E2879E7C3}.Debug|Mixed Platforms.Build.0 = Debug|Any CPU
		{44813026-7C80-4170-AF06-C71E2879E7C3}.Debug|x64.ActiveCfg = Debug|Any CPU
		{44813026-7C80-4170-AF06-C71E2879E7C3}.Debug|x86.ActiveCfg = Debug|x86
		{44813026-7C80-4170-AF06-C71E2879E7C3}.Debug|x86.Build.0 = Debug|x86
		{44813026-7C80-4170-AF06-C71E2879E7C3}.Release|Any CPU.ActiveCfg = Release|Any CPU
		{44813026-7C80-4170-AF06-C71E2879E7C3}.Release|Any CPU.Build.0 = Release|Any CPU
		{44813026-7C80-4170-AF06-C71E2879E7C3}.Release|ARM.ActiveCfg = Release|ARM
		{44813026-7C80-4170-AF06-C71E2879E7C3}.Release|ARM.Build.0 = Release|ARM
		{44813026-7C80-4170-AF06-C71E2879E7C3}.Release|Mixed Platforms.ActiveCfg = Release|x86
		{44813026-7C80-4170-AF06-C71E2879E7C3}.Release|Mixed Platforms.Build.0 = Release|x86
		{44813026-7C80-4170-AF06-C71E2879E7C3}.Release|x64.ActiveCfg = Release|Any CPU
		{44813026-7C80-4170-AF06-C71E2879E7C3}.Release|x86.ActiveCfg = Release|x86
		{44813026-7C80-4170-AF06-C71E2879E7C3}.Release|x86.Build.0 = Release|x86
	EndGlobalSection
	GlobalSection(SolutionProperties) = preSolution
		HideSolutionNode = FALSE
	EndGlobalSection
	GlobalSection(NestedProjects) = preSolution
		{4641B43D-AC24-4C3A-97E2-1DDE5950C0A2} = {1B864322-C8D7-4523-B488-268354F61C09}
		{C0CECD78-6BC6-49E9-BD8A-3FCE5E600350} = {E1030AFC-D0B2-4C20-97F8-95077E02A952}
		{181EECDC-99D9-433A-BA67-CE3821684C2F} = {E1030AFC-D0B2-4C20-97F8-95077E02A952}
		{8BCC54E1-4586-4A35-9AC9-43E81540B05C} = {1B864322-C8D7-4523-B488-268354F61C09}
		{1DCF6F96-5004-45F0-B422-302184AD60B9} = {1B864322-C8D7-4523-B488-268354F61C09}
		{9F629F44-C762-4A11-BC3D-9D3B7DE926B6} = {1B864322-C8D7-4523-B488-268354F61C09}
		{1C542AE9-D6BD-480C-85F2-C6255F8BAD12} = {E1030AFC-D0B2-4C20-97F8-95077E02A952}
		{7A8A6A29-C647-4567-B8AC-EB97827B431D} = {E1030AFC-D0B2-4C20-97F8-95077E02A952}
	EndGlobalSection
EndGlobal
